
Microsoft Visual Studio Solution File, Format Version 12.00
# Visual Studio Version 17
VisualStudioVersion = 17.9.34902.65
MinimumVisualStudioVersion = 10.0.40219.1
Project("{FAE04EC0-301F-11D3-BF4B-00C04F79EFBC}") = "Zjazd3 sobota zad 2", "Zjazd3 sobota zad 2.csproj", "{8435D0E2-B5A6-462F-B896-FE273FEC90DE}"
EndProject
Global
	GlobalSection(SolutionConfigurationPlatforms) = preSolution
		Debug|Any CPU = Debug|Any CPU
		Release|Any CPU = Release|Any CPU
	EndGlobalSection
	GlobalSection(ProjectConfigurationPlatforms) = postSolution
		{8435D0E2-B5A6-462F-B896-FE273FEC90DE}.Debug|Any CPU.ActiveCfg = Debug|Any CPU
		{8435D0E2-B5A6-462F-B896-FE273FEC90DE}.Debug|Any CPU.Build.0 = Debug|Any CPU
		{8435D0E2-B5A6-462F-B896-FE273FEC90DE}.Release|Any CPU.ActiveCfg = Release|Any CPU
		{8435D0E2-B5A6-462F-B896-FE273FEC90DE}.Release|Any CPU.Build.0 = Release|Any CPU
	EndGlobalSection
	GlobalSection(SolutionProperties) = preSolution
		HideSolutionNode = FALSE
	EndGlobalSection
	GlobalSection(ExtensibilityGlobals) = postSolution
		SolutionGuid = {7F4020B1-4D84-4331-B321-0A67B378570E}
	EndGlobalSection
EndGlobal
